
Microsoft Visual Studio Solution File, Format Version 12.00
# Visual Studio Version 17
VisualStudioVersion = 17.4.33213.308
MinimumVisualStudioVersion = 10.0.40219.1
Project("{8BC9CEB8-8B4A-11D0-8D11-00A0C91BC942}") = "Programming1", "Programming1.vcxproj", "{FAAA6069-9F36-4A7A-B136-CA63727D7B63}"
EndProject
Global
	GlobalSection(SolutionConfigurationPlatforms) = preSolution
		Debug|x64 = Debug|x64
		Debug|x86 = Debug|x86
		Release|x64 = Release|x64
		Release|x86 = Release|x86
	EndGlobalSection
	GlobalSection(ProjectConfigurationPlatforms) = postSolution
		{FAAA6069-9F36-4A7A-B136-CA63727D7B63}.Debug|x64.ActiveCfg = Debug|x64
		{FAAA6069-9F36-4A7A-B136-CA63727D7B63}.Debug|x64.Build.0 = Debug|x64
		{FAAA6069-9F36-4A7A-B136-CA63727D7B63}.Debug|x86.ActiveCfg = Debug|Win32
		{FAAA6069-9F36-4A7A-B136-CA63727D7B63}.Debug|x86.Build.0 = Debug|Win32
		{FAAA6069-9F36-4A7A-B136-CA63727D7B63}.Release|x64.ActiveCfg = Release|x64
		{FAAA6069-9F36-4A7A-B136-CA63727D7B63}.Release|x64.Build.0 = Release|x64
		{FAAA6069-9F36-4A7A-B136-CA63727D7B63}.Release|x86.ActiveCfg = Release|Win32
		{FAAA6069-9F36-4A7A-B136-CA63727D7B63}.Release|x86.Build.0 = Release|Win32
	EndGlobalSection
	GlobalSection(SolutionProperties) = preSolution
		HideSolutionNode = FALSE
	EndGlobalSection
	GlobalSection(ExtensibilityGlobals) = postSolution
		SolutionGuid = {ECCB2C46-9EF7-4387-A830-F85B62EC9946}
	EndGlobalSection
EndGlobal
